
Microsoft Visual Studio Solution File, Format Version 12.00
# Visual Studio 15
VisualStudioVersion = 15.0.27130.2024
MinimumVisualStudioVersion = 10.0.40219.1
Project("{FAE04EC0-301F-11D3-BF4B-00C04F79EFBC}") = "TestData.Api", "TestData.Api\TestData.Api.csproj", "{0D90D56E-85B3-402B-AB49-394FDC239CB9}"
EndProject
Global
	GlobalSection(SolutionConfigurationPlatforms) = preSolution
		Debug|Any CPU = Debug|Any CPU
		Release|Any CPU = Release|Any CPU
	EndGlobalSection
	GlobalSection(ProjectConfigurationPlatforms) = postSolution
		{0D90D56E-85B3-402B-AB49-394FDC239CB9}.Debug|Any CPU.ActiveCfg = Debug|Any CPU
		{0D90D56E-85B3-402B-AB49-394FDC239CB9}.Debug|Any CPU.Build.0 = Debug|Any CPU
		{0D90D56E-85B3-402B-AB49-394FDC239CB9}.Release|Any CPU.ActiveCfg = Release|Any CPU
		{0D90D56E-85B3-402B-AB49-394FDC239CB9}.Release|Any CPU.Build.0 = Release|Any CPU
	EndGlobalSection
	GlobalSection(SolutionProperties) = preSolution
		HideSolutionNode = FALSE
	EndGlobalSection
	GlobalSection(ExtensibilityGlobals) = postSolution
		SolutionGuid = {BA3E870A-05DC-4507-BF97-B4BC530A78F0}
	EndGlobalSection
EndGlobal
